// !$*UTF8*$!
{
	archiveVersion = 1;
	classes = {
	};
	objectVersion = 77;
	objects = {

/* Begin PBXBuildFile section */
		92F432D92DC014B40021EB58 /* RealmSwift in Frameworks */ = {isa = PBXBuildFile; productRef = 92F432D82DC014B40021EB58 /* RealmSwift */; };
/* End PBXBuildFile section */

/* Begin PBXContainerItemProxy section */
		92F4326D2DC00D6B0021EB58 /* PBXContainerItemProxy */ = {
			isa = PBXContainerItemProxy;
			containerPortal = 92F432522DC00D6A0021EB58 /* Project object */;
			proxyType = 1;
			remoteGlobalIDString = 92F432592DC00D6A0021EB58;
			remoteInfo = dindin;
		};
		92F432772DC00D6B0021EB58 /* PBXContainerItemProxy */ = {
			isa = PBXContainerItemProxy;
			containerPortal = 92F432522DC00D6A0021EB58 /* Project object */;
			proxyType = 1;
			remoteGlobalIDString = 92F432592DC00D6A0021EB58;
			remoteInfo = dindin;
		};
/* End PBXContainerItemProxy section */

/* Begin PBXFileReference section */
		92F4325A2DC00D6A0021EB58 /* dindin.app */ = {isa = PBXFileReference; explicitFileType = wrapper.application; includeInIndex = 0; path = dindin.app; sourceTree = BUILT_PRODUCTS_DIR; };
		92F4326C2DC00D6B0021EB58 /* dindinTests.xctest */ = {isa = PBXFileReference; explicitFileType = wrapper.cfbundle; includeInIndex = 0; path = dindinTests.xctest; sourceTree = BUILT_PRODUCTS_DIR; };
		92F432762DC00D6B0021EB58 /* dindinUITests.xctest */ = {isa = PBXFileReference; explicitFileType = wrapper.cfbundle; includeInIndex = 0; path = dindinUITests.xctest; sourceTree = BUILT_PRODUCTS_DIR; };
/* End PBXFileReference section */

/* Begin PBXFileSystemSynchronizedBuildFileExceptionSet section */
		92F432D62DC013D40021EB58 /* Exceptions for "dindin" folder in "dindin" target */ = {
			isa = PBXFileSystemSynchronizedBuildFileExceptionSet;
			membershipExceptions = (
				Info.plist,
			);
			target = 92F432592DC00D6A0021EB58 /* dindin */;
		};
/* End PBXFileSystemSynchronizedBuildFileExceptionSet section */

/* Begin PBXFileSystemSynchronizedRootGroup section */
		92F4325C2DC00D6A0021EB58 /* dindin */ = {
			isa = PBXFileSystemSynchronizedRootGroup;
			exceptions = (
				92F432D62DC013D40021EB58 /* Exceptions for "dindin" folder in "dindin" target */,
			);
			path = dindin;
			sourceTree = "<group>";
		};
		92F4326F2DC00D6B0021EB58 /* dindinTests */ = {
			isa = PBXFileSystemSynchronizedRootGroup;
			path = dindinTests;
			sourceTree = "<group>";
		};
		92F432792DC00D6B0021EB58 /* dindinUITests */ = {
			isa = PBXFileSystemSynchronizedRootGroup;
			path = dindinUITests;
			sourceTree = "<group>";
		};
/* End PBXFileSystemSynchronizedRootGroup section */

/* Begin PBXFrameworksBuildPhase section */
		92F432572DC00D6A0021EB58 /* Frameworks */ = {
			isa = PBXFrameworksBuildPhase;
			buildActionMask = 2147483647;
			files = (
				92F432D92DC014B40021EB58 /* RealmSwift in Frameworks */,
			);
			runOnlyForDeploymentPostprocessing = 0;
		};
		92F432692DC00D6B0021EB58 /* Frameworks */ = {
			isa = PBXFrameworksBuildPhase;
			buildActionMask = 2147483647;
			files = (
			);
			runOnlyForDeploymentPostprocessing = 0;
		};
		92F432732DC00D6B0021EB58 /* Frameworks */ = {
			isa = PBXFrameworksBuildPhase;
			buildActionMask = 2147483647;
			files = (
			);
			runOnlyForDeploymentPostprocessing = 0;
		};
/* End PBXFrameworksBuildPhase section */

/* Begin PBXGroup section */
		92F432512DC00D6A0021EB58 = {
			isa = PBXGroup;
			children = (
				92F4325C2DC00D6A0021EB58 /* dindin */,
				92F4326F2DC00D6B0021EB58 /* dindinTests */,
				92F432792DC00D6B0021EB58 /* dindinUITests */,
				92F4325B2DC00D6A0021EB58 /* Products */,
			);
			sourceTree = "<group>";
		};
		92F4325B2DC00D6A0021EB58 /* Products */ = {
			isa = PBXGroup;
			children = (
				92F4325A2DC00D6A0021EB58 /* dindin.app */,
				92F4326C2DC00D6B0021EB58 /* dindinTests.xctest */,
				92F432762DC00D6B0021EB58 /* dindinUITests.xctest */,
			);
			name = Products;
			sourceTree = "<group>";
		};
/* End PBXGroup section */

/* Begin PBXNativeTarget section */
		92F432592DC00D6A0021EB58 /* dindin */ = {
			isa = PBXNativeTarget;
			buildConfigurationList = 92F432802DC00D6B0021EB58 /* Build configuration list for PBXNativeTarget "dindin" */;
			buildPhases = (
				92F432562DC00D6A0021EB58 /* Sources */,
				92F432572DC00D6A0021EB58 /* Frameworks */,
				92F432582DC00D6A0021EB58 /* Resources */,
			);
			buildRules = (
			);
			dependencies = (
			);
			fileSystemSynchronizedGroups = (
				92F4325C2DC00D6A0021EB58 /* dindin */,
			);
			name = dindin;
			packageProductDependencies = (
				92F432D82DC014B40021EB58 /* RealmSwift */,
			);
			productName = dindin;
			productReference = 92F4325A2DC00D6A0021EB58 /* dindin.app */;
			productType = "com.apple.product-type.application";
		};
		92F4326B2DC00D6B0021EB58 /* dindinTests */ = {
			isa = PBXNativeTarget;
			buildConfigurationList = 92F432832DC00D6B0021EB58 /* Build configuration list for PBXNativeTarget "dindinTests" */;
			buildPhases = (
				92F432682DC00D6B0021EB58 /* Sources */,
				92F432692DC00D6B0021EB58 /* Frameworks */,
				92F4326A2DC00D6B0021EB58 /* Resources */,
			);
			buildRules = (
			);
			dependencies = (
				92F4326E2DC00D6B0021EB58 /* PBXTargetDependency */,
			);
			fileSystemSynchronizedGroups = (
				92F4326F2DC00D6B0021EB58 /* dindinTests */,
			);
			name = dindinTests;
			packageProductDependencies = (
			);
			productName = dindinTests;
			productReference = 92F4326C2DC00D6B0021EB58 /* dindinTests.xctest */;
			productType = "com.apple.product-type.bundle.unit-test";
		};
		92F432752DC00D6B0021EB58 /* dindinUITests */ = {
			isa = PBXNativeTarget;
			buildConfigurationList = 92F432862DC00D6B0021EB58 /* Build configuration list for PBXNativeTarget "dindinUITests" */;
			buildPhases = (
				92F432722DC00D6B0021EB58 /* Sources */,
				92F432732DC00D6B0021EB58 /* Frameworks */,
				92F432742DC00D6B0021EB58 /* Resources */,
			);
			buildRules = (
			);
			dependencies = (
				92F432782DC00D6B0021EB58 /* PBXTargetDependency */,
			);
			fileSystemSynchronizedGroups = (
				92F432792DC00D6B0021EB58 /* dindinUITests */,
			);
			name = dindinUITests;
			packageProductDependencies = (
			);
			productName = dindinUITests;
			productReference = 92F432762DC00D6B0021EB58 /* dindinUITests.xctest */;
			productType = "com.apple.product-type.bundle.ui-testing";
		};
/* End PBXNativeTarget section */

/* Begin PBXProject section */
		92F432522DC00D6A0021EB58 /* Project object */ = {
			isa = PBXProject;
			attributes = {
				BuildIndependentTargetsInParallel = 1;
				LastSwiftUpdateCheck = 1630;
				LastUpgradeCheck = 1630;
				TargetAttributes = {
					92F432592DC00D6A0021EB58 = {
						CreatedOnToolsVersion = 16.3;
					};
					92F4326B2DC00D6B0021EB58 = {
						CreatedOnToolsVersion = 16.3;
						TestTargetID = 92F432592DC00D6A0021EB58;
					};
					92F432752DC00D6B0021EB58 = {
						CreatedOnToolsVersion = 16.3;
						TestTargetID = 92F432592DC00D6A0021EB58;
					};
				};
			};
			buildConfigurationList = 92F432552DC00D6A0021EB58 /* Build configuration list for PBXProject "dindin" */;
			developmentRegion = en;
			hasScannedForEncodings = 0;
			knownRegions = (
				en,
				Base,
			);
			mainGroup = 92F432512DC00D6A0021EB58;
			minimizedProjectReferenceProxies = 1;
			packageReferences = (
				92F432D72DC014B40021EB58 /* XCRemoteSwiftPackageReference "realm-swift" */,
			);
			preferredProjectObjectVersion = 77;
			productRefGroup = 92F4325B2DC00D6A0021EB58 /* Products */;
			projectDirPath = "";
			projectRoot = "";
			targets = (
				92F432592DC00D6A0021EB58 /* dindin */,
				92F4326B2DC00D6B0021EB58 /* dindinTests */,
				92F432752DC00D6B0021EB58 /* dindinUITests */,
			);
		};
/* End PBXProject section */

/* Begin PBXResourcesBuildPhase section */
		92F432582DC00D6A0021EB58 /* Resources */ = {
			isa = PBXResourcesBuildPhase;
			buildActionMask = 2147483647;
			files = (
			);
			runOnlyForDeploymentPostprocessing = 0;
		};
		92F4326A2DC00D6B0021EB58 /* Resources */ = {
			isa = PBXResourcesBuildPhase;
			buildActionMask = 2147483647;
			files = (
			);
			runOnlyForDeploymentPostprocessing = 0;
		};
		92F432742DC00D6B0021EB58 /* Resources */ = {
			isa = PBXResourcesBuildPhase;
			buildActionMask = 2147483647;
			files = (
			);
			runOnlyForDeploymentPostprocessing = 0;
		};
/* End PBXResourcesBuildPhase section */

/* Begin PBXSourcesBuildPhase section */
		92F432562DC00D6A0021EB58 /* Sources */ = {
			isa = PBXSourcesBuildPhase;
			buildActionMask = 2147483647;
			files = (
			);
			runOnlyForDeploymentPostprocessing = 0;
		};
		92F432682DC00D6B0021EB58 /* Sources */ = {
			isa = PBXSourcesBuildPhase;
			buildActionMask = 2147483647;
			files = (
			);
			runOnlyForDeploymentPostprocessing = 0;
		};
		92F432722DC00D6B0021EB58 /* Sources */ = {
			isa = PBXSourcesBuildPhase;
			buildActionMask = 2147483647;
			files = (
			);
			runOnlyForDeploymentPostprocessing = 0;
		};
/* End PBXSourcesBuildPhase section */

/* Begin PBXTargetDependency section */
		92F4326E2DC00D6B0021EB58 /* PBXTargetDependency */ = {
			isa = PBXTargetDependency;
			target = 92F432592DC00D6A0021EB58 /* dindin */;
			targetProxy = 92F4326D2DC00D6B0021EB58 /* PBXContainerItemProxy */;
		};
		92F432782DC00D6B0021EB58 /* PBXTargetDependency */ = {
			isa = PBXTargetDependency;
			target = 92F432592DC00D6A0021EB58 /* dindin */;
			targetProxy = 92F432772DC00D6B0021EB58 /* PBXContainerItemProxy */;
		};
/* End PBXTargetDependency section */

/* Begin XCBuildConfiguration section */
		92F4327E2DC00D6B0021EB58 /* Debug */ = {
			isa = XCBuildConfiguration;
			buildSettings = {
				ALWAYS_SEARCH_USER_PATHS = NO;
				ASSETCATALOG_COMPILER_GENERATE_SWIFT_ASSET_SYMBOL_EXTENSIONS = YES;
				CLANG_ANALYZER_NONNULL = YES;
				CLANG_ANALYZER_NUMBER_OBJECT_CONVERSION = YES_AGGRESSIVE;
				CLANG_CXX_LANGUAGE_STANDARD = "gnu++20";
				CLANG_ENABLE_MODULES = YES;
				CLANG_ENABLE_OBJC_ARC = YES;
				CLANG_ENABLE_OBJC_WEAK = YES;
				CLANG_WARN_BLOCK_CAPTURE_AUTORELEASING = YES;
				CLANG_WARN_BOOL_CONVERSION = YES;
				CLANG_WARN_COMMA = YES;
				CLANG_WARN_CONSTANT_CONVERSION = YES;
				CLANG_WARN_DEPRECATED_OBJC_IMPLEMENTATIONS = YES;
				CLANG_WARN_DIRECT_OBJC_ISA_USAGE = YES_ERROR;
				CLANG_WARN_DOCUMENTATION_COMMENTS = YES;
				CLANG_WARN_EMPTY_BODY = YES;
				CLANG_WARN_ENUM_CONVERSION = YES;
				CLANG_WARN_INFINITE_RECURSION = YES;
				CLANG_WARN_INT_CONVERSION = YES;
				CLANG_WARN_NON_LITERAL_NULL_CONVERSION = YES;
				CLANG_WARN_OBJC_IMPLICIT_RETAIN_SELF = YES;
				CLANG_WARN_OBJC_LITERAL_CONVERSION = YES;
				CLANG_WARN_OBJC_ROOT_CLASS = YES_ERROR;
				CLANG_WARN_QUOTED_INCLUDE_IN_FRAMEWORK_HEADER = YES;
				CLANG_WARN_RANGE_LOOP_ANALYSIS = YES;
				CLANG_WARN_STRICT_PROTOTYPES = YES;
				CLANG_WARN_SUSPICIOUS_MOVE = YES;
				CLANG_WARN_UNGUARDED_AVAILABILITY = YES_AGGRESSIVE;
				CLANG_WARN_UNREACHABLE_CODE = YES;
				CLANG_WARN__DUPLICATE_METHOD_MATCH = YES;
				COPY_PHASE_STRIP = NO;
				DEBUG_INFORMATION_FORMAT = dwarf;
				DEVELOPMENT_TEAM = X8NY5HJG8L;
				ENABLE_STRICT_OBJC_MSGSEND = YES;
				ENABLE_TESTABILITY = YES;
				ENABLE_USER_SCRIPT_SANDBOXING = YES;
				GCC_C_LANGUAGE_STANDARD = gnu17;
				GCC_DYNAMIC_NO_PIC = NO;
				GCC_NO_COMMON_BLOCKS = YES;
				GCC_OPTIMIZATION_LEVEL = 0;
				GCC_PREPROCESSOR_DEFINITIONS = (
					"DEBUG=1",
					"$(inherited)",
				);
				GCC_WARN_64_TO_32_BIT_CONVERSION = YES;
				GCC_WARN_ABOUT_RETURN_TYPE = YES_ERROR;
				GCC_WARN_UNDECLARED_SELECTOR = YES;
				GCC_WARN_UNINITIALIZED_AUTOS = YES_AGGRESSIVE;
				GCC_WARN_UNUSED_FUNCTION = YES;
				GCC_WARN_UNUSED_VARIABLE = YES;
				IPHONEOS_DEPLOYMENT_TARGET = 18.4;
				LOCALIZATION_PREFERS_STRING_CATALOGS = YES;
				MTL_ENABLE_DEBUG_INFO = INCLUDE_SOURCE;
				MTL_FAST_MATH = YES;
				ONLY_ACTIVE_ARCH = YES;
				SDKROOT = iphoneos;
				SWIFT_ACTIVE_COMPILATION_CONDITIONS = "DEBUG $(inherited)";
				SWIFT_OPTIMIZATION_LEVEL = "-Onone";
			};
			name = Debug;
		};
		92F4327F2DC00D6B0021EB58 /* Release */ = {
			isa = XCBuildConfiguration;
			buildSettings = {
				ALWAYS_SEARCH_USER_PATHS = NO;
				ASSETCATALOG_COMPILER_GENERATE_SWIFT_ASSET_SYMBOL_EXTENSIONS = YES;
				CLANG_ANALYZER_NONNULL = YES;
				CLANG_ANALYZER_NUMBER_OBJECT_CONVERSION = YES_AGGRESSIVE;
				CLANG_CXX_LANGUAGE_STANDARD = "gnu++20";
				CLANG_ENABLE_MODULES = YES;
				CLANG_ENABLE_OBJC_ARC = YES;
				CLANG_ENABLE_OBJC_WEAK = YES;
				CLANG_WARN_BLOCK_CAPTURE_AUTORELEASING = YES;
				CLANG_WARN_BOOL_CONVERSION = YES;
				CLANG_WARN_COMMA = YES;
				CLANG_WARN_CONSTANT_CONVERSION = YES;
				CLANG_WARN_DEPRECATED_OBJC_IMPLEMENTATIONS = YES;
				CLANG_WARN_DIRECT_OBJC_ISA_USAGE = YES_ERROR;
				CLANG_WARN_DOCUMENTATION_COMMENTS = YES;
				CLANG_WARN_EMPTY_BODY = YES;
				CLANG_WARN_ENUM_CONVERSION = YES;
				CLANG_WARN_INFINITE_RECURSION = YES;
				CLANG_WARN_INT_CONVERSION = YES;
				CLANG_WARN_NON_LITERAL_NULL_CONVERSION = YES;
				CLANG_WARN_OBJC_IMPLICIT_RETAIN_SELF = YES;
				CLANG_WARN_OBJC_LITERAL_CONVERSION = YES;
				CLANG_WARN_OBJC_ROOT_CLASS = YES_ERROR;
				CLANG_WARN_QUOTED_INCLUDE_IN_FRAMEWORK_HEADER = YES;
				CLANG_WARN_RANGE_LOOP_ANALYSIS = YES;
				CLANG_WARN_STRICT_PROTOTYPES = YES;
				CLANG_WARN_SUSPICIOUS_MOVE = YES;
				CLANG_WARN_UNGUARDED_AVAILABILITY = YES_AGGRESSIVE;
				CLANG_WARN_UNREACHABLE_CODE = YES;
				CLANG_WARN__DUPLICATE_METHOD_MATCH = YES;
				COPY_PHASE_STRIP = NO;
				DEBUG_INFORMATION_FORMAT = "dwarf-with-dsym";
				DEVELOPMENT_TEAM = X8NY5HJG8L;
				ENABLE_NS_ASSERTIONS = NO;
				ENABLE_STRICT_OBJC_MSGSEND = YES;
				ENABLE_USER_SCRIPT_SANDBOXING = YES;
				GCC_C_LANGUAGE_STANDARD = gnu17;
				GCC_NO_COMMON_BLOCKS = YES;
				GCC_WARN_64_TO_32_BIT_CONVERSION = YES;
				GCC_WARN_ABOUT_RETURN_TYPE = YES_ERROR;
				GCC_WARN_UNDECLARED_SELECTOR = YES;
				GCC_WARN_UNINITIALIZED_AUTOS = YES_AGGRESSIVE;
				GCC_WARN_UNUSED_FUNCTION = YES;
				GCC_WARN_UNUSED_VARIABLE = YES;
				IPHONEOS_DEPLOYMENT_TARGET = 18.4;
				LOCALIZATION_PREFERS_STRING_CATALOGS = YES;
				MTL_ENABLE_DEBUG_INFO = NO;
				MTL_FAST_MATH = YES;
				SDKROOT = iphoneos;
				SWIFT_COMPILATION_MODE = wholemodule;
				VALIDATE_PRODUCT = YES;
			};
			name = Release;
		};
		92F432812DC00D6B0021EB58 /* Debug */ = {
			isa = XCBuildConfiguration;
			buildSettings = {
				ASSETCATALOG_COMPILER_APPICON_NAME = AppIcon;
				ASSETCATALOG_COMPILER_GLOBAL_ACCENT_COLOR_NAME = AccentColor;
				CODE_SIGN_STYLE = Automatic;
				CURRENT_PROJECT_VERSION = 1;
				DEVELOPMENT_TEAM = X8NY5HJG8L;
				ENABLE_PREVIEWS = YES;
				GENERATE_INFOPLIST_FILE = YES;
				INFOPLIST_KEY_UIApplicationSceneManifest_Generation = YES;
				INFOPLIST_KEY_UIApplicationSupportsIndirectInputEvents = YES;
				INFOPLIST_KEY_UILaunchScreen_Generation = YES;
				INFOPLIST_KEY_UISupportedInterfaceOrientations_iPad = "UIInterfaceOrientationPortrait UIInterfaceOrientationPortraitUpsideDown UIInterfaceOrientationLandscapeLeft UIInterfaceOrientationLandscapeRight";
				INFOPLIST_KEY_UISupportedInterfaceOrientations_iPhone = "UIInterfaceOrientationPortrait UIInterfaceOrientationLandscapeLeft UIInterfaceOrientationLandscapeRight";
				LD_RUNPATH_SEARCH_PATHS = (
					"$(inherited)",
					"@executable_path/Frameworks",
				);
				MARKETING_VERSION = 1.0;
				PRODUCT_BUNDLE_IDENTIFIER = br.com.rpg.dindin;
				PRODUCT_NAME = "$(TARGET_NAME)";
				SWIFT_EMIT_LOC_STRINGS = YES;
				SWIFT_VERSION = 5.0;
				TARGETED_DEVICE_FAMILY = "1,2";
			};
			name = Debug;
		};
		92F432822DC00D6B0021EB58 /* Release */ = {
			isa = XCBuildConfiguration;
			buildSettings = {
				ASSETCATALOG_COMPILER_APPICON_NAME = AppIcon;
				ASSETCATALOG_COMPILER_GLOBAL_ACCENT_COLOR_NAME = AccentColor;
				CODE_SIGN_STYLE = Automatic;
				CURRENT_PROJECT_VERSION = 1;
				DEVELOPMENT_TEAM = X8NY5HJG8L;
				ENABLE_PREVIEWS = YES;
				GENERATE_INFOPLIST_FILE = YES;
				INFOPLIST_KEY_UIApplicationSceneManifest_Generation = YES;
				INFOPLIST_KEY_UIApplicationSupportsIndirectInputEvents = YES;
				INFOPLIST_KEY_UILaunchScreen_Generation = YES;
				INFOPLIST_KEY_UISupportedInterfaceOrientations_iPad = "UIInterfaceOrientationPortrait UIInterfaceOrientationPortraitUpsideDown UIInterfaceOrientationLandscapeLeft UIInterfaceOrientationLandscapeRight";
				INFOPLIST_KEY_UISupportedInterfaceOrientations_iPhone = "UIInterfaceOrientationPortrait UIInterfaceOrientationLandscapeLeft UIInterfaceOrientationLandscapeRight";
				LD_RUNPATH_SEARCH_PATHS = (
					"$(inherited)",
					"@executable_path/Frameworks",
				);
				MARKETING_VERSION = 1.0;
				PRODUCT_BUNDLE_IDENTIFIER = br.com.rpg.dindin;
				PRODUCT_NAME = "$(TARGET_NAME)";
				SWIFT_EMIT_LOC_STRINGS = YES;
				SWIFT_VERSION = 5.0;
				TARGETED_DEVICE_FAMILY = "1,2";
			};
			name = Release;
		};
		92F432842DC00D6B0021EB58 /* Debug */ = {
			isa = XCBuildConfiguration;
			buildSettings = {
				BUNDLE_LOADER = "$(TEST_HOST)";
				CODE_SIGN_STYLE = Automatic;
				CURRENT_PROJECT_VERSION = 1;
				DEVELOPMENT_TEAM = X8NY5HJG8L;
				GENERATE_INFOPLIST_FILE = YES;
				IPHONEOS_DEPLOYMENT_TARGET = 18.4;
				MARKETING_VERSION = 1.0;
				PRODUCT_BUNDLE_IDENTIFIER = br.com.rpg.dindinTests;
				PRODUCT_NAME = "$(TARGET_NAME)";
				SWIFT_EMIT_LOC_STRINGS = NO;
				SWIFT_VERSION = 5.0;
				TARGETED_DEVICE_FAMILY = "1,2";
				TEST_HOST = "$(BUILT_PRODUCTS_DIR)/dindin.app/$(BUNDLE_EXECUTABLE_FOLDER_PATH)/dindin";
			};
			name = Debug;
		};
		92F432852DC00D6B0021EB58 /* Release */ = {
			isa = XCBuildConfiguration;
			buildSettings = {
				BUNDLE_LOADER = "$(TEST_HOST)";
				CODE_SIGN_STYLE = Automatic;
				CURRENT_PROJECT_VERSION = 1;
				DEVELOPMENT_TEAM = X8NY5HJG8L;
				GENERATE_INFOPLIST_FILE = YES;
				IPHONEOS_DEPLOYMENT_TARGET = 18.4;
				MARKETING_VERSION = 1.0;
				PRODUCT_BUNDLE_IDENTIFIER = br.com.rpg.dindinTests;
				PRODUCT_NAME = "$(TARGET_NAME)";
				SWIFT_EMIT_LOC_STRINGS = NO;
				SWIFT_VERSION = 5.0;
				TARGETED_DEVICE_FAMILY = "1,2";
				TEST_HOST = "$(BUILT_PRODUCTS_DIR)/dindin.app/$(BUNDLE_EXECUTABLE_FOLDER_PATH)/dindin";
			};
			name = Release;
		};
		92F432872DC00D6B0021EB58 /* Debug */ = {
			isa = XCBuildConfiguration;
			buildSettings = {
				CODE_SIGN_STYLE = Automatic;
				CURRENT_PROJECT_VERSION = 1;
				DEVELOPMENT_TEAM = X8NY5HJG8L;
				GENERATE_INFOPLIST_FILE = YES;
				MARKETING_VERSION = 1.0;
				PRODUCT_BUNDLE_IDENTIFIER = br.com.rpg.dindinUITests;
				PRODUCT_NAME = "$(TARGET_NAME)";
				SWIFT_EMIT_LOC_STRINGS = NO;
				SWIFT_VERSION = 5.0;
				TARGETED_DEVICE_FAMILY = "1,2";
				TEST_TARGET_NAME = dindin;
			};
			name = Debug;
		};
		92F432882DC00D6B0021EB58 /* Release */ = {
			isa = XCBuildConfiguration;
			buildSettings = {
				CODE_SIGN_STYLE = Automatic;
				CURRENT_PROJECT_VERSION = 1;
				DEVELOPMENT_TEAM = X8NY5HJG8L;
				GENERATE_INFOPLIST_FILE = YES;
				MARKETING_VERSION = 1.0;
				PRODUCT_BUNDLE_IDENTIFIER = br.com.rpg.dindinUITests;
				PRODUCT_NAME = "$(TARGET_NAME)";
				SWIFT_EMIT_LOC_STRINGS = NO;
				SWIFT_VERSION = 5.0;
				TARGETED_DEVICE_FAMILY = "1,2";
				TEST_TARGET_NAME = dindin;
			};
			name = Release;
		};
/* End XCBuildConfiguration section */

/* Begin XCConfigurationList section */
		92F432552DC00D6A0021EB58 /* Build configuration list for PBXProject "dindin" */ = {
			isa = XCConfigurationList;
			buildConfigurations = (
				92F4327E2DC00D6B0021EB58 /* Debug */,
				92F4327F2DC00D6B0021EB58 /* Release */,
			);
			defaultConfigurationIsVisible = 0;
			defaultConfigurationName = Release;
		};
		92F432802DC00D6B0021EB58 /* Build configuration list for PBXNativeTarget "dindin" */ = {
			isa = XCConfigurationList;
			buildConfigurations = (
				92F432812DC00D6B0021EB58 /* Debug */,
				92F432822DC00D6B0021EB58 /* Release */,
			);
			defaultConfigurationIsVisible = 0;
			defaultConfigurationName = Release;
		};
		92F432832DC00D6B0021EB58 /* Build configuration list for PBXNativeTarget "dindinTests" */ = {
			isa = XCConfigurationList;
			buildConfigurations = (
				92F432842DC00D6B0021EB58 /* Debug */,
				92F432852DC00D6B0021EB58 /* Release */,
			);
			defaultConfigurationIsVisible = 0;
			defaultConfigurationName = Release;
		};
		92F432862DC00D6B0021EB58 /* Build configuration list for PBXNativeTarget "dindinUITests" */ = {
			isa = XCConfigurationList;
			buildConfigurations = (
				92F432872DC00D6B0021EB58 /* Debug */,
				92F432882DC00D6B0021EB58 /* Release */,
			);
			defaultConfigurationIsVisible = 0;
			defaultConfigurationName = Release;
		};
/* End XCConfigurationList section */

/* Begin XCRemoteSwiftPackageReference section */
		92F432D72DC014B40021EB58 /* XCRemoteSwiftPackageReference "realm-swift" */ = {
			isa = XCRemoteSwiftPackageReference;
			repositoryURL = "https://github.com/realm/realm-swift";
			requirement = {
				branch = master;
				kind = branch;
			};
		};
/* End XCRemoteSwiftPackageReference section */

/* Begin XCSwiftPackageProductDependency section */
		92F432D82DC014B40021EB58 /* RealmSwift */ = {
			isa = XCSwiftPackageProductDependency;
			package = 92F432D72DC014B40021EB58 /* XCRemoteSwiftPackageReference "realm-swift" */;
			productName = RealmSwift;
		};
/* End XCSwiftPackageProductDependency section */
	};
	rootObject = 92F432522DC00D6A0021EB58 /* Project object */;
}
